{
  "name": "vodka",
  "version": "1.0.0",
  "lockfileVersion": 2,
  "requires": true,
  "packages": {
    "": {
      "name": "vodka",
      "version": "1.0.0",
      "license": "ISC",
      "dependencies": {
        "pegjs": "^0.11.0-master.b7b87ea"
      },
      "devDependencies": {}
    },
    "node_modules/pegjs": {
      "version": "0.11.0-master.f69239d",
      "resolved": "https://registry.npmjs.org/pegjs/-/pegjs-0.11.0-master.f69239d.tgz",
      "integrity": "sha512-8PXSaXnLh9hw0R/SfOL1b8JSgiPv1KSl8B1h+sP0uwngmx3Vk+QdB2cuBAT1lXPbP5necVZ2Dl2t4DfR3KKbZg==",
      "bin": {
        "pegjs": "bin/peg.js"
      },
      "engines": {
        "node": ">= 6"
      }
    }
  },
  "dependencies": {
    "pegjs": {
      "version": "0.11.0-master.f69239d",
      "resolved": "https://registry.npmjs.org/pegjs/-/pegjs-0.11.0-master.f69239d.tgz",
      "integrity": "sha512-8PXSaXnLh9hw0R/SfOL1b8JSgiPv1KSl8B1h+sP0uwngmx3Vk+QdB2cuBAT1lXPbP5necVZ2Dl2t4DfR3KKbZg=="
    }
  }
}
