{
  "requires": true,
  "lockfileVersion": 1,
  "dependencies": {
    "isomorphic-ws": {
      "version": "4.0.1",
      "resolved": "https://registry.npmjs.org/isomorphic-ws/-/isomorphic-ws-4.0.1.tgz",
      "integrity": "sha512-BhBvN2MBpWTaSHdWRb/bwdZJ1WaehQ2L1KngkCkfLUGF0mAWAT1sQUQacEmQ0jXkFw/czDXPNQSL5u2/Krsz1w=="
    },
    "osc-js": {
      "version": "2.3.0",
      "resolved": "https://registry.npmjs.org/osc-js/-/osc-js-2.3.0.tgz",
      "integrity": "sha512-P2Oy9tf8Z9lQw8JZeR62HNqbKdxj7Kqbsag+ImiJvyxPDReGMVt5LtZbMh/7Ve/wbYEGODkQdFAaLHFVkIlHPw==",
      "requires": {
        "isomorphic-ws": "4.0.1",
        "ws": "8.5.0"
      }
    },
    "uuid": {
      "version": "8.3.1",
      "resolved": "https://registry.npmjs.org/uuid/-/uuid-8.3.1.tgz",
      "integrity": "sha512-FOmRr+FmWEIG8uhZv6C2bTgEVXsHk08kE7mPlrBbEe+c3r9pjceVPgupIfNIhc4yx55H69OXANrUaSuu9eInKg=="
    },
    "ws": {
      "version": "8.5.0",
      "resolved": "https://registry.npmjs.org/ws/-/ws-8.5.0.tgz",
      "integrity": "sha512-BWX0SWVgLPzYwF8lTzEy1egjhS4S4OEAHfsO8o65WOVsrnSRGaSiUaa9e0ggGlkMTtBlmOpEXiie9RUcBO86qg=="
    }
  }
}
